{
  "name": "yappr-stats",
  "version": "1.0.0",
  "lockfileVersion": 3,
  "requires": true,
  "packages": {
    "": {
      "name": "yappr-stats",
      "version": "1.0.0",
      "dependencies": {
        "@dashevo/evo-sdk": "3.0.0-dev.11"
      }
    },
    "node_modules/@dashevo/evo-sdk": {
      "version": "3.0.0-dev.11",
      "resolved": "https://registry.npmjs.org/@dashevo/evo-sdk/-/evo-sdk-3.0.0-dev.11.tgz",
      "integrity": "sha512-73jEG5hJ5Ae8fVKZNOyAFX4j4bwgbGm49oWoWILVFMZ3wB4Y5pxxOyZmQQwoEfpj5AHixHlifeP9EKbf2WDc8w==",
      "dependencies": {
        "@dashevo/wasm-sdk": "3.0.0-dev.11"
      },
      "engines": {
        "node": ">=18.18"
      }
    },
    "node_modules/@dashevo/wasm-sdk": {
      "version": "3.0.0-dev.11",
      "resolved": "https://registry.npmjs.org/@dashevo/wasm-sdk/-/wasm-sdk-3.0.0-dev.11.tgz",
      "integrity": "sha512-yrBCWKf8Fjo9nEHu3PMdyxLEydsjUF0n6lSGxygauBME3lTxmKaVrzQUE15vrJ2j4kze5HXZHM1H8WvAvjzZBA==",
      "engines": {
        "node": ">=18.18"
      }
    }
  }
}
